
Microsoft Visual Studio Solution File, Format Version 12.00
# Visual Studio Version 16
VisualStudioVersion = 16.0.30907.101
MinimumVisualStudioVersion = 10.0.40219.1
Project("{9A19103F-16F7-4668-BE54-9A1E7A4F7556}") = "KampIntro", "KampIntro\KampIntro.csproj", "{4ADFDFF4-2161-4EE3-97CF-6CF0114F1F0B}"
EndProject
Project("{9A19103F-16F7-4668-BE54-9A1E7A4F7556}") = "Donguler", "Donguler\Donguler.csproj", "{EE3742C5-5CCF-4F22-9A0D-B9BC40DC51B1}"
EndProject
Project("{9A19103F-16F7-4668-BE54-9A1E7A4F7556}") = "Classintro", "Classintro\Classintro.csproj", "{C51FEF29-9005-40B4-BA14-E0540D09A674}"
EndProject
Project("{9A19103F-16F7-4668-BE54-9A1E7A4F7556}") = "OOP1", "OOP1\OOP1.csproj", "{DC56779F-AC3A-45DE-AC86-FE5F991F968B}"
EndProject
Project("{9A19103F-16F7-4668-BE54-9A1E7A4F7556}") = "Collections", "Collections\Collections.csproj", "{B6511871-74DC-4F94-B194-D9C1FC04229B}"
EndProject
Project("{9A19103F-16F7-4668-BE54-9A1E7A4F7556}") = "GenericsIntro", "GenericsIntro\GenericsIntro.csproj", "{B6BD623A-FE8A-4A9B-AA13-0732EAE6FC95}"
EndProject
Project("{FAE04EC0-301F-11D3-BF4B-00C04F79EFBC}") = "OOP2", "OOP2\OOP2.csproj", "{CAA94778-AF4C-42F6-9389-BC8F10E34559}"
EndProject
Project("{FAE04EC0-301F-11D3-BF4B-00C04F79EFBC}") = "OOP3", "OOP3\OOP3.csproj", "{7008D98B-3F74-4A9A-8C70-631A9894FFA5}"
EndProject
Global
	GlobalSection(SolutionConfigurationPlatforms) = preSolution
		Debug|Any CPU = Debug|Any CPU
		Release|Any CPU = Release|Any CPU
	EndGlobalSection
	GlobalSection(ProjectConfigurationPlatforms) = postSolution
		{4ADFDFF4-2161-4EE3-97CF-6CF0114F1F0B}.Debug|Any CPU.ActiveCfg = Debug|Any CPU
		{4ADFDFF4-2161-4EE3-97CF-6CF0114F1F0B}.Debug|Any CPU.Build.0 = Debug|Any CPU
		{4ADFDFF4-2161-4EE3-97CF-6CF0114F1F0B}.Release|Any CPU.ActiveCfg = Release|Any CPU
		{4ADFDFF4-2161-4EE3-97CF-6CF0114F1F0B}.Release|Any CPU.Build.0 = Release|Any CPU
		{EE3742C5-5CCF-4F22-9A0D-B9BC40DC51B1}.Debug|Any CPU.ActiveCfg = Debug|Any CPU
		{EE3742C5-5CCF-4F22-9A0D-B9BC40DC51B1}.Debug|Any CPU.Build.0 = Debug|Any CPU
		{EE3742C5-5CCF-4F22-9A0D-B9BC40DC51B1}.Release|Any CPU.ActiveCfg = Release|Any CPU
		{EE3742C5-5CCF-4F22-9A0D-B9BC40DC51B1}.Release|Any CPU.Build.0 = Release|Any CPU
		{C51FEF29-9005-40B4-BA14-E0540D09A674}.Debug|Any CPU.ActiveCfg = Debug|Any CPU
		{C51FEF29-9005-40B4-BA14-E0540D09A674}.Debug|Any CPU.Build.0 = Debug|Any CPU
		{C51FEF29-9005-40B4-BA14-E0540D09A674}.Release|Any CPU.ActiveCfg = Release|Any CPU
		{C51FEF29-9005-40B4-BA14-E0540D09A674}.Release|Any CPU.Build.0 = Release|Any CPU
		{DC56779F-AC3A-45DE-AC86-FE5F991F968B}.Debug|Any CPU.ActiveCfg = Debug|Any CPU
		{DC56779F-AC3A-45DE-AC86-FE5F991F968B}.Debug|Any CPU.Build.0 = Debug|Any CPU
		{DC56779F-AC3A-45DE-AC86-FE5F991F968B}.Release|Any CPU.ActiveCfg = Release|Any CPU
		{DC56779F-AC3A-45DE-AC86-FE5F991F968B}.Release|Any CPU.Build.0 = Release|Any CPU
		{B6511871-74DC-4F94-B194-D9C1FC04229B}.Debug|Any CPU.ActiveCfg = Debug|Any CPU
		{B6511871-74DC-4F94-B194-D9C1FC04229B}.Debug|Any CPU.Build.0 = Debug|Any CPU
		{B6511871-74DC-4F94-B194-D9C1FC04229B}.Release|Any CPU.ActiveCfg = Release|Any CPU
		{B6511871-74DC-4F94-B194-D9C1FC04229B}.Release|Any CPU.Build.0 = Release|Any CPU
		{B6BD623A-FE8A-4A9B-AA13-0732EAE6FC95}.Debug|Any CPU.ActiveCfg = Debug|Any CPU
		{B6BD623A-FE8A-4A9B-AA13-0732EAE6FC95}.Debug|Any CPU.Build.0 = Debug|Any CPU
		{B6BD623A-FE8A-4A9B-AA13-0732EAE6FC95}.Release|Any CPU.ActiveCfg = Release|Any CPU
		{B6BD623A-FE8A-4A9B-AA13-0732EAE6FC95}.Release|Any CPU.Build.0 = Release|Any CPU
		{CAA94778-AF4C-42F6-9389-BC8F10E34559}.Debug|Any CPU.ActiveCfg = Debug|Any CPU
		{CAA94778-AF4C-42F6-9389-BC8F10E34559}.Debug|Any CPU.Build.0 = Debug|Any CPU
		{CAA94778-AF4C-42F6-9389-BC8F10E34559}.Release|Any CPU.ActiveCfg = Release|Any CPU
		{CAA94778-AF4C-42F6-9389-BC8F10E34559}.Release|Any CPU.Build.0 = Release|Any CPU
		{7008D98B-3F74-4A9A-8C70-631A9894FFA5}.Debug|Any CPU.ActiveCfg = Debug|Any CPU
		{7008D98B-3F74-4A9A-8C70-631A9894FFA5}.Debug|Any CPU.Build.0 = Debug|Any CPU
		{7008D98B-3F74-4A9A-8C70-631A9894FFA5}.Release|Any CPU.ActiveCfg = Release|Any CPU
		{7008D98B-3F74-4A9A-8C70-631A9894FFA5}.Release|Any CPU.Build.0 = Release|Any CPU
	EndGlobalSection
	GlobalSection(SolutionProperties) = preSolution
		HideSolutionNode = FALSE
	EndGlobalSection
	GlobalSection(ExtensibilityGlobals) = postSolution
		SolutionGuid = {051C30EC-7A39-460F-94B1-13778C66C358}
	EndGlobalSection
EndGlobal
